{
  "name": "article-list",
  "version": "1.0.0",
  "lockfileVersion": 2,
  "requires": true,
  "packages": {
    "": {
      "name": "article-list",
      "version": "1.0.0",
      "license": "ISC",
      "dependencies": {
        "marked": "^4.0.8",
        "uni-read-pages": "^1.0.5",
        "uni-simple-router": "^2.0.8-beta.3"
      }
    },
    "node_modules/marked": {
      "version": "4.0.8",
      "resolved": "https://registry.npmmirror.com/marked/download/marked-4.0.8.tgz",
      "integrity": "sha512-dkpJMIlJpc833hbjjg8jraw1t51e/eKDoG8TFOgc5O0Z77zaYKigYekTDop5AplRoKFGIaoazhYEhGkMtU3IeA==",
      "bin": {
        "marked": "bin/marked.js"
      },
      "engines": {
        "node": ">= 12"
      }
    },
    "node_modules/uni-read-pages": {
      "version": "1.0.5",
      "resolved": "https://registry.nlark.com/uni-read-pages/download/uni-read-pages-1.0.5.tgz",
      "integrity": "sha1-RSyNyqiXe7rvYAkJvpJsjZcEOHw="
    },
    "node_modules/uni-simple-router": {
      "version": "2.0.8-beta.3",
      "resolved": "https://registry.npmmirror.com/uni-simple-router/download/uni-simple-router-2.0.8-beta.3.tgz",
      "integrity": "sha512-Aiw9O7TzATZ0BH9e6p0hJsVy8K1lYjf3P9QMmskNqJaOh9jltCaurrw/dJZ7xUMGVu/K3XP1MxOotBAUjsiUZg=="
    }
  },
  "dependencies": {
    "marked": {
      "version": "4.0.8",
      "resolved": "https://registry.npmmirror.com/marked/download/marked-4.0.8.tgz",
      "integrity": "sha512-dkpJMIlJpc833hbjjg8jraw1t51e/eKDoG8TFOgc5O0Z77zaYKigYekTDop5AplRoKFGIaoazhYEhGkMtU3IeA=="
    },
    "uni-read-pages": {
      "version": "1.0.5",
      "resolved": "https://registry.nlark.com/uni-read-pages/download/uni-read-pages-1.0.5.tgz",
      "integrity": "sha1-RSyNyqiXe7rvYAkJvpJsjZcEOHw="
    },
    "uni-simple-router": {
      "version": "2.0.8-beta.3",
      "resolved": "https://registry.npmmirror.com/uni-simple-router/download/uni-simple-router-2.0.8-beta.3.tgz",
      "integrity": "sha512-Aiw9O7TzATZ0BH9e6p0hJsVy8K1lYjf3P9QMmskNqJaOh9jltCaurrw/dJZ7xUMGVu/K3XP1MxOotBAUjsiUZg=="
    }
  }
}
